
Microsoft Visual Studio Solution File, Format Version 12.00
# Visual Studio Version 17
VisualStudioVersion = 17.9.34728.123
MinimumVisualStudioVersion = 10.0.40219.1
Project("{F184B08F-C81C-45F6-A57F-5ABD9991F28F}") = "sample-vbdotnet-vcp", "sample-vbdotnet-vcp.vbproj", "{DE5172B0-900A-439A-9994-ACFC957E64FD}"
EndProject
Global
	GlobalSection(SolutionConfigurationPlatforms) = preSolution
		Debug|Any CPU = Debug|Any CPU
		Release|Any CPU = Release|Any CPU
	EndGlobalSection
	GlobalSection(ProjectConfigurationPlatforms) = postSolution
		{DE5172B0-900A-439A-9994-ACFC957E64FD}.Debug|Any CPU.ActiveCfg = Debug|Any CPU
		{DE5172B0-900A-439A-9994-ACFC957E64FD}.Debug|Any CPU.Build.0 = Debug|Any CPU
		{DE5172B0-900A-439A-9994-ACFC957E64FD}.Release|Any CPU.ActiveCfg = Release|Any CPU
		{DE5172B0-900A-439A-9994-ACFC957E64FD}.Release|Any CPU.Build.0 = Release|Any CPU
	EndGlobalSection
	GlobalSection(SolutionProperties) = preSolution
		HideSolutionNode = FALSE
	EndGlobalSection
	GlobalSection(ExtensibilityGlobals) = postSolution
		SolutionGuid = {D16B4248-70BF-4111-9ED1-20470A8B3237}
	EndGlobalSection
EndGlobal
